
Microsoft Visual Studio Solution File, Format Version 12.00
# Visual Studio Version 16
VisualStudioVersion = 16.0.34114.132
MinimumVisualStudioVersion = 10.0.40219.1
Project("{F184B08F-C81C-45F6-A57F-5ABD9991F28F}") = "DTR_Checking", "DTR_Checking\DTR_Checking.vbproj", "{813AEEEB-85FF-446C-82C8-EBC6AF7F269D}"
EndProject
Global
	GlobalSection(SolutionConfigurationPlatforms) = preSolution
		Debug|Any CPU = Debug|Any CPU
		Release|Any CPU = Release|Any CPU
	EndGlobalSection
	GlobalSection(ProjectConfigurationPlatforms) = postSolution
		{813AEEEB-85FF-446C-82C8-EBC6AF7F269D}.Debug|Any CPU.ActiveCfg = Debug|Any CPU
		{813AEEEB-85FF-446C-82C8-EBC6AF7F269D}.Debug|Any CPU.Build.0 = Debug|Any CPU
		{813AEEEB-85FF-446C-82C8-EBC6AF7F269D}.Release|Any CPU.ActiveCfg = Release|Any CPU
		{813AEEEB-85FF-446C-82C8-EBC6AF7F269D}.Release|Any CPU.Build.0 = Release|Any CPU
	EndGlobalSection
	GlobalSection(SolutionProperties) = preSolution
		HideSolutionNode = FALSE
	EndGlobalSection
	GlobalSection(ExtensibilityGlobals) = postSolution
		SolutionGuid = {1A3925F4-BE5A-435E-8E91-5510E23DF88E}
	EndGlobalSection
EndGlobal
